{
  "name": "strapi-hook-algolia",
  "version": "3.0.0-beta.18.7",
  "lockfileVersion": 1,
  "requires": true,
  "dependencies": {
    "@algolia/cache-browser-local-storage": {
      "version": "4.0.1",
      "resolved": "https://registry.npmjs.org/@algolia/cache-browser-local-storage/-/cache-browser-local-storage-4.0.1.tgz",
      "integrity": "sha512-WdafxIE/T5auD8Nk6eDI3iciH8EZS73N44BIkEyXMZ1/jyz3Vtf4vA6OFrUyZyqb2Qr7Xg3nQhmKAa5dPewbpQ==",
      "requires": {
        "@algolia/cache-common": "4.0.1"
      }
    },
    "@algolia/cache-common": {
      "version": "4.0.1",
      "resolved": "https://registry.npmjs.org/@algolia/cache-common/-/cache-common-4.0.1.tgz",
      "integrity": "sha512-dW6PY60rnoBdHPL3Smjl7pqyyjV974emBGIEfDswMqshDy47J2+JJqdkyUpY0+00k5lK6kznPo9l3pluJxEOJA=="
    },
    "@algolia/cache-in-memory": {
      "version": "4.0.1",
      "resolved": "https://registry.npmjs.org/@algolia/cache-in-memory/-/cache-in-memory-4.0.1.tgz",
      "integrity": "sha512-zyVjqJHDajGiSPD5s+jTe3rw2pg+keXdnkzuRpWckyisJ7zAE3sCShyljFSV5zkyXudaOqBQjwy1gEMSa80ysQ==",
      "requires": {
        "@algolia/cache-common": "4.0.1"
      }
    },
    "@algolia/client-account": {
      "version": "4.0.1",
      "resolved": "https://registry.npmjs.org/@algolia/client-account/-/client-account-4.0.1.tgz",
      "integrity": "sha512-2wV+jqb493JjSFWbxuoXWOW78UTTUA6l9ZGQ0wLBY8vv3/FGlD31HLHTEAaGe4P5E3KEC3XdumYfXeAOg9dBTg==",
      "requires": {
        "@algolia/client-common": "4.0.1",
        "@algolia/client-search": "4.0.1",
        "@algolia/transporter": "4.0.1"
      }
    },
    "@algolia/client-analytics": {
      "version": "4.0.1",
      "resolved": "https://registry.npmjs.org/@algolia/client-analytics/-/client-analytics-4.0.1.tgz",
      "integrity": "sha512-q3nYp7lTjr7nDqA+zYsPSdhpwP5Pc++B14Ud1/hII3niBXgzPo/M/GrEJYCktLh2IYh7GmNBaly0rjSKKVm5GA==",
      "requires": {
        "@algolia/client-common": "4.0.1",
        "@algolia/client-search": "4.0.1",
        "@algolia/requester-common": "4.0.1",
        "@algolia/transporter": "4.0.1"
      }
    },
    "@algolia/client-common": {
      "version": "4.0.1",
      "resolved": "https://registry.npmjs.org/@algolia/client-common/-/client-common-4.0.1.tgz",
      "integrity": "sha512-eJiQWOWmdTOVcMm2Cu8kYgrasGdc/rfYlmt7e5gCb5E/3BGn6RSF/WMjFYW2ZV/yG73kNKJYC153W2XHS0nL7g==",
      "requires": {
        "@algolia/requester-common": "4.0.1",
        "@algolia/transporter": "4.0.1"
      }
    },
    "@algolia/client-recommendation": {
      "version": "4.0.1",
      "resolved": "https://registry.npmjs.org/@algolia/client-recommendation/-/client-recommendation-4.0.1.tgz",
      "integrity": "sha512-Z57wYvnBkzdKTT/sCe6A2VdUKhYrDXtksn+NGRNej0oRUepEpthSPnvKNeCNnzQQEznvlTjxgzYq8C+IhP8Pdw==",
      "requires": {
        "@algolia/client-common": "4.0.1",
        "@algolia/requester-common": "4.0.1",
        "@algolia/transporter": "4.0.1"
      }
    },
    "@algolia/client-search": {
      "version": "4.0.1",
      "resolved": "https://registry.npmjs.org/@algolia/client-search/-/client-search-4.0.1.tgz",
      "integrity": "sha512-6wfqmCZrEVWF77Hgfo1L9qEkfs62lN5aEXcPNNuPW6r/kDbP6ZFT9gnzUvmLTAdxN8HbIDk7UCihS1JQSaDy1A==",
      "requires": {
        "@algolia/client-common": "4.0.1",
        "@algolia/requester-common": "4.0.1",
        "@algolia/transporter": "4.0.1"
      }
    },
    "@algolia/logger-common": {
      "version": "4.0.1",
      "resolved": "https://registry.npmjs.org/@algolia/logger-common/-/logger-common-4.0.1.tgz",
      "integrity": "sha512-RL5lrwYop2RsTCtmwSMdAxYZ3GwWSlO8i8b77vK4OF6QJtucFxggxBrtjxwbachZDADg1RHngSCM8rn0hEEqww=="
    },
    "@algolia/logger-console": {
      "version": "4.0.1",
      "resolved": "https://registry.npmjs.org/@algolia/logger-console/-/logger-console-4.0.1.tgz",
      "integrity": "sha512-0tB7aNwNcYDRMEKuzpEy0wAlOFph8zeHzWmNu9HFuJkohPKAm6ePwN8dr+GNU/thchnPY1x26rTFixUpQoeazw==",
      "requires": {
        "@algolia/logger-common": "4.0.1"
      }
    },
    "@algolia/requester-browser-xhr": {
      "version": "4.0.1",
      "resolved": "https://registry.npmjs.org/@algolia/requester-browser-xhr/-/requester-browser-xhr-4.0.1.tgz",
      "integrity": "sha512-tcylSof09dniaP+NLKeJGN05yKnhyJXET+BAjnKVziI2YOB4LXY05iAAfsoURErcAMgzYCihhfytEmpeknEluQ==",
      "requires": {
        "@algolia/requester-common": "4.0.1"
      }
    },
    "@algolia/requester-common": {
      "version": "4.0.1",
      "resolved": "https://registry.npmjs.org/@algolia/requester-common/-/requester-common-4.0.1.tgz",
      "integrity": "sha512-cf7dTYkD+Jh/69YvqpBFOxWsU0F6R5c9lUsrRzTgSxIr2ROOw0QDPppGORLDq+aGYMaNPyMWckzFpCo9w5ycLw=="
    },
    "@algolia/requester-node-http": {
      "version": "4.0.1",
      "resolved": "https://registry.npmjs.org/@algolia/requester-node-http/-/requester-node-http-4.0.1.tgz",
      "integrity": "sha512-JiV9NqgPVUim6nteRydO5PDhIROq0jJ/Kye/QqQX/EzTmse4A3SAS5MzoeQyVcwIMaLFe089zt6bHEy3FLThhw==",
      "requires": {
        "@algolia/requester-common": "4.0.1"
      }
    },
    "@algolia/transporter": {
      "version": "4.0.1",
      "resolved": "https://registry.npmjs.org/@algolia/transporter/-/transporter-4.0.1.tgz",
      "integrity": "sha512-e8fgM+Vg0NoT+t1Q7BRG58tE9VW6ERt8MIVab9cEQQiEsyAL/caOxTpS9QPjdYdSlYM12uUCI+RCbn9JnBUaRA==",
      "requires": {
        "@algolia/cache-common": "4.0.1",
        "@algolia/logger-common": "4.0.1",
        "@algolia/requester-common": "4.0.1"
      }
    },
    "algoliasearch": {
      "version": "4.0.1",
      "resolved": "https://registry.npmjs.org/algoliasearch/-/algoliasearch-4.0.1.tgz",
      "integrity": "sha512-y0Atz08EXpeDouxtFPYq454wFHB9+AkF2soe0NEv0iAAN2IA0BQ8oqaNBmzTx9xnENN4i0FGhfKjVFpMjR3v+A==",
      "requires": {
        "@algolia/cache-browser-local-storage": "4.0.1",
        "@algolia/cache-common": "4.0.1",
        "@algolia/cache-in-memory": "4.0.1",
        "@algolia/client-account": "4.0.1",
        "@algolia/client-analytics": "4.0.1",
        "@algolia/client-common": "4.0.1",
        "@algolia/client-recommendation": "4.0.1",
        "@algolia/client-search": "4.0.1",
        "@algolia/logger-common": "4.0.1",
        "@algolia/logger-console": "4.0.1",
        "@algolia/requester-browser-xhr": "4.0.1",
        "@algolia/requester-common": "4.0.1",
        "@algolia/requester-node-http": "4.0.1",
        "@algolia/transporter": "4.0.1"
      }
    }
  }
}
