# THIS IS AN AUTOGENERATED FILE. DO NOT EDIT THIS FILE DIRECTLY.
# yarn lockfile v1


"@algolia/cache-browser-local-storage@4.12.0":
  version "4.12.0"
  resolved "https://registry.yarnpkg.com/@algolia/cache-browser-local-storage/-/cache-browser-local-storage-4.12.0.tgz#1f873e4f28a39d25b0a589ebe8f826509458e1fb"
  integrity sha512-l+G560B6N1k0rIcOjTO1yCzFUbg2Zy2HCii9s03e13jGgqduVQmk79UUCYszjsJ5GPJpUEKcVEtAIpP7tjsXVA==
  dependencies:
    "@algolia/cache-common" "4.12.0"

"@algolia/cache-common@4.12.0":
  version "4.12.0"
  resolved "https://registry.yarnpkg.com/@algolia/cache-common/-/cache-common-4.12.0.tgz#c1111a4d3e9ba2d52cadb4523152580db0887293"
  integrity sha512-2Z8BV+NX7oN7RmmQbLqmW8lfN9aAjOexX1FJjzB0YfKC9ifpi9Jl4nSxlnbU+iLR6QhHo0IfuyQ7wcnucCGCGQ==

"@algolia/cache-in-memory@4.12.0":
  version "4.12.0"
  resolved "https://registry.yarnpkg.com/@algolia/cache-in-memory/-/cache-in-memory-4.12.0.tgz#f4bdcbf8a6419f0166cfc7ef5594af871741e29e"
  integrity sha512-b6ANkZF6vGAo+sYv6g25W5a0u3o6F549gEAgtTDTVA1aHcdWwe/HG/dTJ7NsnHbuR+A831tIwnNYQjRp3/V/Jw==
  dependencies:
    "@algolia/cache-common" "4.12.0"

"@algolia/client-account@4.12.0":
  version "4.12.0"
  resolved "https://registry.yarnpkg.com/@algolia/client-account/-/client-account-4.12.0.tgz#b28445b47e2abf81dc76982d16ba8458f5c99521"
  integrity sha512-gzXN75ZydNheNXUN3epS+aLsKnB/PHFVlGUUjXL8WHs4lJP3B5FtHvaA/NCN5DsM3aamhuY5p0ff1XIA+Lbcrw==
  dependencies:
    "@algolia/client-common" "4.12.0"
    "@algolia/client-search" "4.12.0"
    "@algolia/transporter" "4.12.0"

"@algolia/client-analytics@4.12.0":
  version "4.12.0"
  resolved "https://registry.yarnpkg.com/@algolia/client-analytics/-/client-analytics-4.12.0.tgz#470f115517256c92a5605ae95762531c7906ec74"
  integrity sha512-rO2cZCt00Opk66QBZb7IBGfCq4ZE3EiuGkXssf2Monb5urujy0r8CknK2i7bzaKtPbd2vlvhmLP4CEHQqF6SLQ==
  dependencies:
    "@algolia/client-common" "4.12.0"
    "@algolia/client-search" "4.12.0"
    "@algolia/requester-common" "4.12.0"
    "@algolia/transporter" "4.12.0"

"@algolia/client-common@4.12.0":
  version "4.12.0"
  resolved "https://registry.yarnpkg.com/@algolia/client-common/-/client-common-4.12.0.tgz#402395e2cffad89188d76b83615acffb3e45e658"
  integrity sha512-fcrFN7FBmxiSyjeu3sF4OnPkC1l7/8oyQ8RMM8CHpVY8cad6/ay35MrfRfgfqdzdFA8LzcBYO7fykuJv0eOqxw==
  dependencies:
    "@algolia/requester-common" "4.12.0"
    "@algolia/transporter" "4.12.0"

"@algolia/client-personalization@4.12.0":
  version "4.12.0"
  resolved "https://registry.yarnpkg.com/@algolia/client-personalization/-/client-personalization-4.12.0.tgz#09c89c1558a91db3bfa60d17f7258ae63861352b"
  integrity sha512-wCJfSQEmX6ZOuJBJGjy+sbXiW0iy7tMNAhsVMV9RRaJE4727e5WAqwFWZssD877WQ74+/nF/VyTaB1+wejo33Q==
  dependencies:
    "@algolia/client-common" "4.12.0"
    "@algolia/requester-common" "4.12.0"
    "@algolia/transporter" "4.12.0"

"@algolia/client-search@4.12.0":
  version "4.12.0"
  resolved "https://registry.yarnpkg.com/@algolia/client-search/-/client-search-4.12.0.tgz#ac099ee9f8de85ec204d840bcac734224c7d150c"
  integrity sha512-ik6dswcTQtOdZN+8aKntI9X2E6Qpqjtyda/+VANiHThY9GD2PBXuNuuC2HvlF26AbBYp5xaSE/EKxn1DIiIJ4Q==
  dependencies:
    "@algolia/client-common" "4.12.0"
    "@algolia/requester-common" "4.12.0"
    "@algolia/transporter" "4.12.0"

"@algolia/logger-common@4.12.0":
  version "4.12.0"
  resolved "https://registry.yarnpkg.com/@algolia/logger-common/-/logger-common-4.12.0.tgz#0f9dbe7ace88194b395a2cb958490eb47ac91f8e"
  integrity sha512-V//9rzLdJujA3iZ/tPhmKR/m2kjSZrymxOfUiF3024u2/7UyOpH92OOCrHUf023uMGYHRzyhBz5ESfL1oCdh7g==

"@algolia/logger-console@4.12.0":
  version "4.12.0"
  resolved "https://registry.yarnpkg.com/@algolia/logger-console/-/logger-console-4.12.0.tgz#a40edeb989bf0d7ff79d989171dad64cd0f01225"
  integrity sha512-pHvoGv53KXRIJHLk9uxBwKirwEo12G9+uo0sJLWESThAN3v5M+ycliU1AkUXQN8+9rds2KxfULAb+vfyfBKf8A==
  dependencies:
    "@algolia/logger-common" "4.12.0"

"@algolia/requester-browser-xhr@4.12.0":
  version "4.12.0"
  resolved "https://registry.yarnpkg.com/@algolia/requester-browser-xhr/-/requester-browser-xhr-4.12.0.tgz#64e8e4d4f0724e477421454215195400351cfe61"
  integrity sha512-rGlHNMM3jIZBwSpz33CVkeXHilzuzHuFXEEW1icP/k3KW7kwBrKFJwBy42RzAJa5BYlLsTCFTS3xkPhYwTQKLg==
  dependencies:
    "@algolia/requester-common" "4.12.0"

"@algolia/requester-common@4.12.0":
  version "4.12.0"
  resolved "https://registry.yarnpkg.com/@algolia/requester-common/-/requester-common-4.12.0.tgz#b4d96f3cbd73206b6042e523d414a34cc005c2e2"
  integrity sha512-qgfdc73nXqpVyOMr6CMTx3nXvud9dP6GcMGDqPct+fnxogGcJsp24cY2nMqUrAfgmTJe9Nmy7Lddv0FyHjONMg==

"@algolia/requester-node-http@4.12.0":
  version "4.12.0"
  resolved "https://registry.yarnpkg.com/@algolia/requester-node-http/-/requester-node-http-4.12.0.tgz#8d8e1b67edbaec8e8e8b8c7c606945b969667267"
  integrity sha512-mOTRGf/v/dXshBoZKNhMG00ZGxoUH9QdSpuMKYnuWwIgstN24uj3DQx+Ho3c+uq0TYfq7n2v71uoJWuiW32NMQ==
  dependencies:
    "@algolia/requester-common" "4.12.0"

"@algolia/transporter@4.12.0":
  version "4.12.0"
  resolved "https://registry.yarnpkg.com/@algolia/transporter/-/transporter-4.12.0.tgz#e375e10731df95f1be3593b32e86b5c6452cc213"
  integrity sha512-MOQVHZ4BcBpf3LtOY/3fqXHAcvI8MahrXDHk9QrBE/iGensQhDiZby5Dn3o2JN/zd9FMnVbdPQ8gnkiMwZiakQ==
  dependencies:
    "@algolia/cache-common" "4.12.0"
    "@algolia/logger-common" "4.12.0"
    "@algolia/requester-common" "4.12.0"

algoliasearch@^4.10.5:
  version "4.12.0"
  resolved "https://registry.yarnpkg.com/algoliasearch/-/algoliasearch-4.12.0.tgz#30f2619b6e3a5b79b6aa0f18ab66fbce88240aba"
  integrity sha512-fZOMMm+F3Bi5M/MoFIz7hiuyCitJza0Hu+r8Wzz4LIQClC6YGMRq7kT6NNU1fSSoFDSeJIwMfedbbi5G9dJoVQ==
  dependencies:
    "@algolia/cache-browser-local-storage" "4.12.0"
    "@algolia/cache-common" "4.12.0"
    "@algolia/cache-in-memory" "4.12.0"
    "@algolia/client-account" "4.12.0"
    "@algolia/client-analytics" "4.12.0"
    "@algolia/client-common" "4.12.0"
    "@algolia/client-personalization" "4.12.0"
    "@algolia/client-search" "4.12.0"
    "@algolia/logger-common" "4.12.0"
    "@algolia/logger-console" "4.12.0"
    "@algolia/requester-browser-xhr" "4.12.0"
    "@algolia/requester-common" "4.12.0"
    "@algolia/requester-node-http" "4.12.0"
    "@algolia/transporter" "4.12.0"
