# THIS IS AN AUTOGENERATED FILE. DO NOT EDIT THIS FILE DIRECTLY.
# yarn lockfile v1


"@algolia/cache-browser-local-storage@4.0.2":
  version "4.0.2"
  resolved "https://registry.yarnpkg.com/@algolia/cache-browser-local-storage/-/cache-browser-local-storage-4.0.2.tgz#e502bdc55e18d0f4164f57a338cd49915d6cf285"
  integrity sha512-MCRV3UcIQ4ral5tgXU5tnJbrMy4YRmB/mwz60fHitd+KCwaFPGJdj1krrQvKoQMYdtOvf14BYHgwv2K6AGNerg==
  dependencies:
    "@algolia/cache-common" "4.0.2"

"@algolia/cache-common@4.0.2":
  version "4.0.2"
  resolved "https://registry.yarnpkg.com/@algolia/cache-common/-/cache-common-4.0.2.tgz#4ce81a3534ab6947570644df8803ff8f7d6b5ccf"
  integrity sha512-J0jGGTaYR0YrGjNRAzECYrY12qxIHpb3nxfCb4BZTP9h7Xs1GL52DVjX+RCuRJwZ71IeAn2lMNnAqYqrSWfWhA==

"@algolia/cache-in-memory@4.0.2":
  version "4.0.2"
  resolved "https://registry.yarnpkg.com/@algolia/cache-in-memory/-/cache-in-memory-4.0.2.tgz#f5ba60fb16c8602e71b310d751b62680800f0e70"
  integrity sha512-+zkzYjtjA+v8Si+CdAjmp1Ujqjtpkrqo1WhvJu3yVN7yhlsCyjLHPYIiL6y9KeI681e2ZCXcn5u9IvFffcxvBg==
  dependencies:
    "@algolia/cache-common" "4.0.2"

"@algolia/client-account@4.0.2":
  version "4.0.2"
  resolved "https://registry.yarnpkg.com/@algolia/client-account/-/client-account-4.0.2.tgz#b7194bc6096a22c07a527d42890cad6703f4c3c5"
  integrity sha512-sFAt9igElirswi/U0rSuwrpWx7L0aLQ1Re/WffROoceXAQydN4kQnsJ/nZAIvENAnzZjGokK4Xx3tFOKz9l2oQ==
  dependencies:
    "@algolia/client-common" "4.0.2"
    "@algolia/client-search" "4.0.2"
    "@algolia/transporter" "4.0.2"

"@algolia/client-analytics@4.0.2":
  version "4.0.2"
  resolved "https://registry.yarnpkg.com/@algolia/client-analytics/-/client-analytics-4.0.2.tgz#ee8dfa64fb98c1391fb5f919848774455c8591c8"
  integrity sha512-wKSau8GQbIA05paEk1PV4FxZFhnV57bPhR3fIi+6a5pNbi2GHjij4gJLgGjTwFDAwHeNPZNURX99pq5dH3+tVA==
  dependencies:
    "@algolia/client-common" "4.0.2"
    "@algolia/client-search" "4.0.2"
    "@algolia/requester-common" "4.0.2"
    "@algolia/transporter" "4.0.2"

"@algolia/client-common@4.0.2":
  version "4.0.2"
  resolved "https://registry.yarnpkg.com/@algolia/client-common/-/client-common-4.0.2.tgz#f4defbb9af56854b68a25d10d7d804a28ed5c764"
  integrity sha512-N7YIlSC1P+lztESjXhPt5hPxf+fdCj6mhJtpYwkaGUpFZY2TjJlc09evPNTYq3f7cTBYtG9yTMLcDhcwkf9V+g==
  dependencies:
    "@algolia/requester-common" "4.0.2"
    "@algolia/transporter" "4.0.2"

"@algolia/client-recommendation@4.0.2":
  version "4.0.2"
  resolved "https://registry.yarnpkg.com/@algolia/client-recommendation/-/client-recommendation-4.0.2.tgz#ca60ab1a4c50a1db4ce7f5b2c534f856c185904c"
  integrity sha512-R+IEYw5PuFRmT8IFt+wHIefc7h7jRCJ33GJdcrM6ygorHa8sA+K9ljsVl/BuaZcXYLh3e1ztHpQUqokFXwsgvw==
  dependencies:
    "@algolia/client-common" "4.0.2"
    "@algolia/requester-common" "4.0.2"
    "@algolia/transporter" "4.0.2"

"@algolia/client-search@4.0.2":
  version "4.0.2"
  resolved "https://registry.yarnpkg.com/@algolia/client-search/-/client-search-4.0.2.tgz#5daf37865e0cb357f2239e9800a32bd62eb8abb0"
  integrity sha512-PsThe096a1VavTR75jjek1dMqBxlhehPsgyUM4OQXMhTbKAjIsOjS4exb53RJ3CXlifI5ux0StDNYCC47dLZ4Q==
  dependencies:
    "@algolia/client-common" "4.0.2"
    "@algolia/requester-common" "4.0.2"
    "@algolia/transporter" "4.0.2"

"@algolia/logger-common@4.0.2":
  version "4.0.2"
  resolved "https://registry.yarnpkg.com/@algolia/logger-common/-/logger-common-4.0.2.tgz#f31731d0064faa8c270dc9c925bd9002c1a8e494"
  integrity sha512-yj3z/F1Rvk1wGB4N4FDhF86dqwJuiHcS/0Jb1cnXWfVDa/PoumaV7GU+khRlZrSeUbOP9npaMjb8ZtX7KafpaQ==

"@algolia/logger-console@4.0.2":
  version "4.0.2"
  resolved "https://registry.yarnpkg.com/@algolia/logger-console/-/logger-console-4.0.2.tgz#e42c6606000b03adb2b85af6300c9cb2e96c2bb1"
  integrity sha512-N3CnYv+9y4ySIgQQW0ZQjbmct8BlLZNISCmRmoWqPhLDS/n7x/uZry4pDpG8CbQRGzSJrMPkfBfGDcq6jdizLg==
  dependencies:
    "@algolia/logger-common" "4.0.2"

"@algolia/requester-browser-xhr@4.0.2":
  version "4.0.2"
  resolved "https://registry.yarnpkg.com/@algolia/requester-browser-xhr/-/requester-browser-xhr-4.0.2.tgz#dc821f30497173de028b78f88548b8f2b0554032"
  integrity sha512-qfvJfSfsKBm8fYJh5bOlU64p2GwRa+rUHjWvE3vsBXlT//RA5wQHLRBynEufn4dO5Smbr9hTn394zxeFa3f3dw==
  dependencies:
    "@algolia/requester-common" "4.0.2"

"@algolia/requester-common@4.0.2":
  version "4.0.2"
  resolved "https://registry.yarnpkg.com/@algolia/requester-common/-/requester-common-4.0.2.tgz#739cf210ab44778b05b63f7b8ca3f6299e84de17"
  integrity sha512-0r8AJfgABLQjYeO3BLjUxhmTvUw1p/xVitK3Vhgcnx3tDHPaNVcFyjrmQpKKJuztVxj2tM9DVvsGfrz07Jn8Tg==

"@algolia/requester-node-http@4.0.2":
  version "4.0.2"
  resolved "https://registry.yarnpkg.com/@algolia/requester-node-http/-/requester-node-http-4.0.2.tgz#1dd4ad2d04fc28f78a642fd8fe4af1cec6230f07"
  integrity sha512-ZsZJPhtRHy9x88qdV7fgB+cfooEnKks1Q9ENDnvl2S3KSWFeA2NfJvWIfSiWZuEz8RcRtKC7FYdkFOJAn4mo1g==
  dependencies:
    "@algolia/requester-common" "4.0.2"

"@algolia/transporter@4.0.2":
  version "4.0.2"
  resolved "https://registry.yarnpkg.com/@algolia/transporter/-/transporter-4.0.2.tgz#25b1666f5cb4a2ff437a324e4b2705b21eaa0e3b"
  integrity sha512-y5kS/QbSik1u2f/fxV3K2DsP7voIaYhNyxw3xtU6BjO768jPWzBayWHSg+a11xlpsxQRRht5yCoUxo27WjY+GQ==
  dependencies:
    "@algolia/cache-common" "4.0.2"
    "@algolia/logger-common" "4.0.2"
    "@algolia/requester-common" "4.0.2"

algoliasearch@^4.0.2:
  version "4.0.2"
  resolved "https://registry.yarnpkg.com/algoliasearch/-/algoliasearch-4.0.2.tgz#58e4c899f466fe5238756f1c4542920a0047d64e"
  integrity sha512-SYoXI1Bhwx2xcI0p4L/YR9M2BubXno6pCKh+2gfwWfSFFup1O8Az0b1nmx9tXtWX94CMc8TDBUWAHXkAXUAtCg==
  dependencies:
    "@algolia/cache-browser-local-storage" "4.0.2"
    "@algolia/cache-common" "4.0.2"
    "@algolia/cache-in-memory" "4.0.2"
    "@algolia/client-account" "4.0.2"
    "@algolia/client-analytics" "4.0.2"
    "@algolia/client-common" "4.0.2"
    "@algolia/client-recommendation" "4.0.2"
    "@algolia/client-search" "4.0.2"
    "@algolia/logger-common" "4.0.2"
    "@algolia/logger-console" "4.0.2"
    "@algolia/requester-browser-xhr" "4.0.2"
    "@algolia/requester-common" "4.0.2"
    "@algolia/requester-node-http" "4.0.2"
    "@algolia/transporter" "4.0.2"
