# THIS IS AN AUTOGENERATED FILE. DO NOT EDIT THIS FILE DIRECTLY.
# yarn lockfile v1


"@algolia/cache-browser-local-storage@4.10.5":
  version "4.10.5"
  resolved "https://registry.yarnpkg.com/@algolia/cache-browser-local-storage/-/cache-browser-local-storage-4.10.5.tgz#961cf07cf59955de17af13bd74f7806bd2119553"
  integrity sha512-cfX2rEKOtuuljcGI5DMDHClwZHdDqd2nT2Ohsc8aHtBiz6bUxKVyIqxr2gaC6tU8AgPtrTVBzcxCA+UavXpKww==
  dependencies:
    "@algolia/cache-common" "4.10.5"

"@algolia/cache-common@4.10.5":
  version "4.10.5"
  resolved "https://registry.yarnpkg.com/@algolia/cache-common/-/cache-common-4.10.5.tgz#9510419e9dfb6d8814582c6b20615196f213a9d6"
  integrity sha512-1mClwdmTHll+OnHkG+yeRoFM17kSxDs4qXkjf6rNZhoZGXDvfYLy3YcZ1FX4Kyz0DJv8aroq5RYGBDsWkHj6Tw==

"@algolia/cache-in-memory@4.10.5":
  version "4.10.5"
  resolved "https://registry.yarnpkg.com/@algolia/cache-in-memory/-/cache-in-memory-4.10.5.tgz#de9331cb86734bf7f7624063cdaa639e43509be1"
  integrity sha512-+ciQnfIGi5wjMk02XhEY8fmy2pzy+oY1nIIfu8LBOglaSipCRAtjk6WhHc7/KIbXPiYzIwuDbM2K1+YOwSGjwA==
  dependencies:
    "@algolia/cache-common" "4.10.5"

"@algolia/client-account@4.10.5":
  version "4.10.5"
  resolved "https://registry.yarnpkg.com/@algolia/client-account/-/client-account-4.10.5.tgz#82f7c330fc5f0625b5b559afe9c6b1aa6722b6cf"
  integrity sha512-I9UkSS2glXm7RBZYZIALjBMmXSQbw/fI/djPcBHxiwXIheNIlqIFl2SNPkvihpPF979BSkzjqdJNRPhE1vku3Q==
  dependencies:
    "@algolia/client-common" "4.10.5"
    "@algolia/client-search" "4.10.5"
    "@algolia/transporter" "4.10.5"

"@algolia/client-analytics@4.10.5":
  version "4.10.5"
  resolved "https://registry.yarnpkg.com/@algolia/client-analytics/-/client-analytics-4.10.5.tgz#269e47c9de7e53e9e05e4a2d3c380607c3d2631f"
  integrity sha512-h2owwJSkovPxzc+xIsjY1pMl0gj+jdVwP9rcnGjlaTY2fqHbSLrR9yvGyyr6305LvTppxsQnfAbRdE/5Z3eFxw==
  dependencies:
    "@algolia/client-common" "4.10.5"
    "@algolia/client-search" "4.10.5"
    "@algolia/requester-common" "4.10.5"
    "@algolia/transporter" "4.10.5"

"@algolia/client-common@4.10.5":
  version "4.10.5"
  resolved "https://registry.yarnpkg.com/@algolia/client-common/-/client-common-4.10.5.tgz#a7d0833796a9a2da68be16be76b6dc3962bf2f18"
  integrity sha512-21FAvIai5qm8DVmZHm2Gp4LssQ/a0nWwMchAx+1hIRj1TX7OcdW6oZDPyZ8asQdvTtK7rStQrRnD8a95SCUnzA==
  dependencies:
    "@algolia/requester-common" "4.10.5"
    "@algolia/transporter" "4.10.5"

"@algolia/client-personalization@4.10.5":
  version "4.10.5"
  resolved "https://registry.yarnpkg.com/@algolia/client-personalization/-/client-personalization-4.10.5.tgz#78a8fb8161bdbeaa66b400b3283640ef689e155b"
  integrity sha512-nH+IyFKBi8tCyzGOanJTbXC5t4dspSovX3+ABfmwKWUYllYzmiQNFUadpb3qo+MLA3jFx5IwBesjneN6dD5o3w==
  dependencies:
    "@algolia/client-common" "4.10.5"
    "@algolia/requester-common" "4.10.5"
    "@algolia/transporter" "4.10.5"

"@algolia/client-search@4.10.5":
  version "4.10.5"
  resolved "https://registry.yarnpkg.com/@algolia/client-search/-/client-search-4.10.5.tgz#47907232a3e4ecf2aa4459b8de17242afd88147c"
  integrity sha512-1eQFMz9uodrc5OM+9HeT+hHcfR1E1AsgFWXwyJ9Q3xejA2c1c4eObGgOgC9ZoshuHHdptaTN1m3rexqAxXRDBg==
  dependencies:
    "@algolia/client-common" "4.10.5"
    "@algolia/requester-common" "4.10.5"
    "@algolia/transporter" "4.10.5"

"@algolia/logger-common@4.10.5":
  version "4.10.5"
  resolved "https://registry.yarnpkg.com/@algolia/logger-common/-/logger-common-4.10.5.tgz#cf807107e755ad4a72c5afc787e968ff1196f1cc"
  integrity sha512-gRJo9zt1UYP4k3woEmZm4iuEBIQd/FrArIsjzsL/b+ihNoOqIxZKTSuGFU4UUZOEhvmxDReiA4gzvQXG+TMTmA==

"@algolia/logger-console@4.10.5":
  version "4.10.5"
  resolved "https://registry.yarnpkg.com/@algolia/logger-console/-/logger-console-4.10.5.tgz#f961a7a7c6718c3f3842fb9b522d47b03b9df8ad"
  integrity sha512-4WfIbn4253EDU12u9UiYvz+QTvAXDv39mKNg9xSoMCjKE5szcQxfcSczw2byc6pYhahOJ9PmxPBfs1doqsdTKQ==
  dependencies:
    "@algolia/logger-common" "4.10.5"

"@algolia/requester-browser-xhr@4.10.5":
  version "4.10.5"
  resolved "https://registry.yarnpkg.com/@algolia/requester-browser-xhr/-/requester-browser-xhr-4.10.5.tgz#7063e3bc6d9c72bc535e1794352eddf47459dfe6"
  integrity sha512-53/MURQEqtK+bGdfq4ITSPwTh5hnADU99qzvpAINGQveUFNSFGERipJxHjTJjIrjFz3vxj5kKwjtxDnU6ygO9g==
  dependencies:
    "@algolia/requester-common" "4.10.5"

"@algolia/requester-common@4.10.5":
  version "4.10.5"
  resolved "https://registry.yarnpkg.com/@algolia/requester-common/-/requester-common-4.10.5.tgz#52abfbf10b743d26afd3ce20f62771bc393ff4f0"
  integrity sha512-UkVa1Oyuj6NPiAEt5ZvrbVopEv1m/mKqjs40KLB+dvfZnNcj+9Fry4Oxnt15HMy/HLORXsx4UwcthAvBuOXE9Q==

"@algolia/requester-node-http@4.10.5":
  version "4.10.5"
  resolved "https://registry.yarnpkg.com/@algolia/requester-node-http/-/requester-node-http-4.10.5.tgz#db7e9ece1fda1b71a28c8e623666aaa096320b5c"
  integrity sha512-aNEKVKXL4fiiC+bS7yJwAHdxln81ieBwY3tsMCtM4zF9f5KwCzY2OtN4WKEZa5AAADVcghSAUdyjs4AcGUlO5w==
  dependencies:
    "@algolia/requester-common" "4.10.5"

"@algolia/transporter@4.10.5":
  version "4.10.5"
  resolved "https://registry.yarnpkg.com/@algolia/transporter/-/transporter-4.10.5.tgz#9354989f12af3e2ce7d3109a94f519d467a960e0"
  integrity sha512-F8DLkmIlvCoMwSCZA3FKHtmdjH3o5clbt0pi2ktFStVNpC6ZDmY307HcK619bKP5xW6h8sVJhcvrLB775D2cyA==
  dependencies:
    "@algolia/cache-common" "4.10.5"
    "@algolia/logger-common" "4.10.5"
    "@algolia/requester-common" "4.10.5"

algoliasearch@^4.10.5:
  version "4.10.5"
  resolved "https://registry.yarnpkg.com/algoliasearch/-/algoliasearch-4.10.5.tgz#1faf34a3ae5ac3bef27282eb141251c70c7f5db2"
  integrity sha512-KmH2XkiN+8FxhND4nWFbQDkIoU6g2OjfeU9kIv4Lb+EiOOs3Gpp7jvd+JnatsCisAZsnWQdjd7zVlW7I/85QvQ==
  dependencies:
    "@algolia/cache-browser-local-storage" "4.10.5"
    "@algolia/cache-common" "4.10.5"
    "@algolia/cache-in-memory" "4.10.5"
    "@algolia/client-account" "4.10.5"
    "@algolia/client-analytics" "4.10.5"
    "@algolia/client-common" "4.10.5"
    "@algolia/client-personalization" "4.10.5"
    "@algolia/client-search" "4.10.5"
    "@algolia/logger-common" "4.10.5"
    "@algolia/logger-console" "4.10.5"
    "@algolia/requester-browser-xhr" "4.10.5"
    "@algolia/requester-common" "4.10.5"
    "@algolia/requester-node-http" "4.10.5"
    "@algolia/transporter" "4.10.5"
